{
  "name": "hello-uniapp",
  "version": "1.0.0",
  "lockfileVersion": 1,
  "requires": true,
  "dependencies": {
    "@types/html5plus": {
      "version": "1.0.0",
      "resolved": "https://registry.npm.taobao.org/@types/html5plus/download/@types/html5plus-1.0.0.tgz",
      "integrity": "sha1-qIYA/J3oW3hZWXVK6kA8Co0HFLo=",
      "dev": true
    },
    "@types/uni-app": {
      "version": "1.4.1",
      "resolved": "https://registry.npm.taobao.org/@types/uni-app/download/@types/uni-app-1.4.1.tgz",
      "integrity": "sha1-LfNY2Xa8zYvk4iMMwEa9y6xei0E=",
      "dev": true,
      "requires": {
        "vue": "^2.6.8"
      }
    },
    "vue": {
      "version": "2.6.11",
      "resolved": "https://registry.npm.taobao.org/vue/download/vue-2.6.11.tgz?cache=0&sync_timestamp=1583528900332&other_urls=https%3A%2F%2Fregistry.npm.taobao.org%2Fvue%2Fdownload%2Fvue-2.6.11.tgz",
      "integrity": "sha1-dllNh31LEiNEBuhONSdcbVFBJcU=",
      "dev": true
    }
  }
}
